anyio==4.14.1
av==18.0.0
certifi==2026.6.17
cffi==2.0.0
charset-normalizer==3.4.7
click==8.4.2
colorama==0.4.6
comtypes==1.4.16
ctranslate2==4.8.1
faster-whisper==1.2.1
filelock==3.29.5
flatbuffers==25.12.19
fsspec==2026.6.0
h11==0.16.0
hf-xet==1.5.1
httpcore==1.0.9
httpx==0.28.1
huggingface_hub==1.22.0
idna==3.18
numpy==2.5.0
onnxruntime==1.27.0
packaging==26.2
pillow==12.3.0
protobuf==7.35.1
psutil==7.2.2
pycaw==20251023
pycparser==3.0
pystray==0.19.5
PyYAML==6.0.3
redis==8.0.1
requests==2.34.2
setuptools==82.0.1
six==1.17.0
sounddevice==0.5.5
spotipy==2.26.0
srt==3.5.3
tokenizers==0.23.1
tqdm==4.68.3
typing_extensions==4.16.0
urllib3==2.7.0
vosk==0.3.45
websockets==16.0
